
Microsoft Visual Studio Solution File, Format Version 12.00
# Visual Studio 15
VisualStudioVersion = 15.0.28010.2016
MinimumVisualStudioVersion = 10.0.40219.1
Project("{9A19103F-16F7-4668-BE54-9A1E7A4F7556}") = "ReactApp", "ReactApp\ReactApp.csproj", "{5293E974-FF45-4FFF-9EF0-F4BDF31961D3}"
EndProject
Project("{2150E333-8FDC-42A3-9474-1A3956D46DE8}") = "Web", "Web", "{C31118CF-C48C-4512-ADB9-3806B8EF4A93}"
EndProject
Project("{2150E333-8FDC-42A3-9474-1A3956D46DE8}") = "Database", "Database", "{B8798432-F01A-4A73-8509-3151BE0C8F58}"
EndProject
Project("{00D1A9C2-B5F0-4AF3-8072-F6C62B433612}") = "Swinz.Database", "Swinz.Database\Swinz.Database.sqlproj", "{9FCA45FA-CFB1-4143-A46E-6E9C8FCDC27F}"
EndProject
Project("{FAE04EC0-301F-11D3-BF4B-00C04F79EFBC}") = "BusinessLayer", "BusinessLayer\BusinessLayer.csproj", "{AAF1F1B4-6E2B-4DBB-B5DC-A436CB13FE41}"
EndProject
Project("{2150E333-8FDC-42A3-9474-1A3956D46DE8}") = "Services", "Services", "{07040D16-0605-4DF9-9360-D07576C593AA}"
EndProject
Project("{FAE04EC0-301F-11D3-BF4B-00C04F79EFBC}") = "RestApi", "ApiBase\RestApi.csproj", "{6D8E9FFD-CEE3-4C18-8E57-C6DC010983B6}"
EndProject
Global
	GlobalSection(SolutionConfigurationPlatforms) = preSolution
		Debug|Any CPU = Debug|Any CPU
		Release|Any CPU = Release|Any CPU
	EndGlobalSection
	GlobalSection(ProjectConfigurationPlatforms) = postSolution
		{5293E974-FF45-4FFF-9EF0-F4BDF31961D3}.Debug|Any CPU.ActiveCfg = Debug|Any CPU
		{5293E974-FF45-4FFF-9EF0-F4BDF31961D3}.Debug|Any CPU.Build.0 = Debug|Any CPU
		{5293E974-FF45-4FFF-9EF0-F4BDF31961D3}.Release|Any CPU.ActiveCfg = Release|Any CPU
		{5293E974-FF45-4FFF-9EF0-F4BDF31961D3}.Release|Any CPU.Build.0 = Release|Any CPU
		{9FCA45FA-CFB1-4143-A46E-6E9C8FCDC27F}.Debug|Any CPU.ActiveCfg = Debug|Any CPU
		{9FCA45FA-CFB1-4143-A46E-6E9C8FCDC27F}.Debug|Any CPU.Build.0 = Debug|Any CPU
		{9FCA45FA-CFB1-4143-A46E-6E9C8FCDC27F}.Debug|Any CPU.Deploy.0 = Debug|Any CPU
		{9FCA45FA-CFB1-4143-A46E-6E9C8FCDC27F}.Release|Any CPU.ActiveCfg = Release|Any CPU
		{9FCA45FA-CFB1-4143-A46E-6E9C8FCDC27F}.Release|Any CPU.Build.0 = Release|Any CPU
		{9FCA45FA-CFB1-4143-A46E-6E9C8FCDC27F}.Release|Any CPU.Deploy.0 = Release|Any CPU
		{AAF1F1B4-6E2B-4DBB-B5DC-A436CB13FE41}.Debug|Any CPU.ActiveCfg = Debug|Any CPU
		{AAF1F1B4-6E2B-4DBB-B5DC-A436CB13FE41}.Debug|Any CPU.Build.0 = Debug|Any CPU
		{AAF1F1B4-6E2B-4DBB-B5DC-A436CB13FE41}.Release|Any CPU.ActiveCfg = Release|Any CPU
		{AAF1F1B4-6E2B-4DBB-B5DC-A436CB13FE41}.Release|Any CPU.Build.0 = Release|Any CPU
		{6D8E9FFD-CEE3-4C18-8E57-C6DC010983B6}.Debug|Any CPU.ActiveCfg = Debug|Any CPU
		{6D8E9FFD-CEE3-4C18-8E57-C6DC010983B6}.Debug|Any CPU.Build.0 = Debug|Any CPU
		{6D8E9FFD-CEE3-4C18-8E57-C6DC010983B6}.Release|Any CPU.ActiveCfg = Release|Any CPU
		{6D8E9FFD-CEE3-4C18-8E57-C6DC010983B6}.Release|Any CPU.Build.0 = Release|Any CPU
	EndGlobalSection
	GlobalSection(SolutionProperties) = preSolution
		HideSolutionNode = FALSE
	EndGlobalSection
	GlobalSection(NestedProjects) = preSolution
		{5293E974-FF45-4FFF-9EF0-F4BDF31961D3} = {C31118CF-C48C-4512-ADB9-3806B8EF4A93}
		{9FCA45FA-CFB1-4143-A46E-6E9C8FCDC27F} = {B8798432-F01A-4A73-8509-3151BE0C8F58}
		{6D8E9FFD-CEE3-4C18-8E57-C6DC010983B6} = {07040D16-0605-4DF9-9360-D07576C593AA}
	EndGlobalSection
	GlobalSection(ExtensibilityGlobals) = postSolution
		SolutionGuid = {BC95EF07-4827-4F68-BFBC-5E941B2CEA18}
	EndGlobalSection
EndGlobal
