
Microsoft Visual Studio Solution File, Format Version 12.00
# Visual Studio 15
VisualStudioVersion = 15.0.28010.2016
MinimumVisualStudioVersion = 10.0.40219.1
Project("{9A19103F-16F7-4668-BE54-9A1E7A4F7556}") = "ReactApp", "ReactApp\ReactApp.csproj", "{5293E974-FF45-4FFF-9EF0-F4BDF31961D3}"
EndProject
Project("{2150E333-8FDC-42A3-9474-1A3956D46DE8}") = "Web", "Web", "{C31118CF-C48C-4512-ADB9-3806B8EF4A93}"
EndProject
Project("{2150E333-8FDC-42A3-9474-1A3956D46DE8}") = "Services", "Services", "{358F3740-B1B4-4E41-93ED-26A28D8C7899}"
EndProject
Project("{2150E333-8FDC-42A3-9474-1A3956D46DE8}") = "Database", "Database", "{B8798432-F01A-4A73-8509-3151BE0C8F58}"
EndProject
Project("{00D1A9C2-B5F0-4AF3-8072-F6C62B433612}") = "Swinz.Database", "Swinz.Database\Swinz.Database.sqlproj", "{9FCA45FA-CFB1-4143-A46E-6E9C8FCDC27F}"
EndProject
Project("{FAE04EC0-301F-11D3-BF4B-00C04F79EFBC}") = "CustomerApi", "CustomerApi\CustomerApi.csproj", "{4DC6E217-F076-4805-B7A0-3A4DA369F587}"
EndProject
Project("{FAE04EC0-301F-11D3-BF4B-00C04F79EFBC}") = "ProductApi", "ProductApi\ProductApi.csproj", "{47E679A8-BD6A-46E6-B4B1-BDE0E81B0446}"
EndProject
Project("{FAE04EC0-301F-11D3-BF4B-00C04F79EFBC}") = "OrderApi", "OrderApi\OrderApi.csproj", "{7DB0C614-1EEA-402D-883B-D49741B2F2D7}"
EndProject
Project("{FAE04EC0-301F-11D3-BF4B-00C04F79EFBC}") = "StatsApi", "StatsApi\StatsApi.csproj", "{03FC7829-022C-467F-892A-1624E1765B29}"
EndProject
Project("{FAE04EC0-301F-11D3-BF4B-00C04F79EFBC}") = "ApiBase", "ApiBase\ApiBase.csproj", "{4F291A94-DDCE-49CE-BA8B-B1F6BA70EA74}"
EndProject
Global
	GlobalSection(SolutionConfigurationPlatforms) = preSolution
		Debug|Any CPU = Debug|Any CPU
		Release|Any CPU = Release|Any CPU
	EndGlobalSection
	GlobalSection(ProjectConfigurationPlatforms) = postSolution
		{5293E974-FF45-4FFF-9EF0-F4BDF31961D3}.Debug|Any CPU.ActiveCfg = Debug|Any CPU
		{5293E974-FF45-4FFF-9EF0-F4BDF31961D3}.Debug|Any CPU.Build.0 = Debug|Any CPU
		{5293E974-FF45-4FFF-9EF0-F4BDF31961D3}.Release|Any CPU.ActiveCfg = Release|Any CPU
		{5293E974-FF45-4FFF-9EF0-F4BDF31961D3}.Release|Any CPU.Build.0 = Release|Any CPU
		{9FCA45FA-CFB1-4143-A46E-6E9C8FCDC27F}.Debug|Any CPU.ActiveCfg = Debug|Any CPU
		{9FCA45FA-CFB1-4143-A46E-6E9C8FCDC27F}.Debug|Any CPU.Build.0 = Debug|Any CPU
		{9FCA45FA-CFB1-4143-A46E-6E9C8FCDC27F}.Debug|Any CPU.Deploy.0 = Debug|Any CPU
		{9FCA45FA-CFB1-4143-A46E-6E9C8FCDC27F}.Release|Any CPU.ActiveCfg = Release|Any CPU
		{9FCA45FA-CFB1-4143-A46E-6E9C8FCDC27F}.Release|Any CPU.Build.0 = Release|Any CPU
		{9FCA45FA-CFB1-4143-A46E-6E9C8FCDC27F}.Release|Any CPU.Deploy.0 = Release|Any CPU
		{4DC6E217-F076-4805-B7A0-3A4DA369F587}.Debug|Any CPU.ActiveCfg = Debug|Any CPU
		{4DC6E217-F076-4805-B7A0-3A4DA369F587}.Debug|Any CPU.Build.0 = Debug|Any CPU
		{4DC6E217-F076-4805-B7A0-3A4DA369F587}.Release|Any CPU.ActiveCfg = Release|Any CPU
		{4DC6E217-F076-4805-B7A0-3A4DA369F587}.Release|Any CPU.Build.0 = Release|Any CPU
		{47E679A8-BD6A-46E6-B4B1-BDE0E81B0446}.Debug|Any CPU.ActiveCfg = Debug|Any CPU
		{47E679A8-BD6A-46E6-B4B1-BDE0E81B0446}.Debug|Any CPU.Build.0 = Debug|Any CPU
		{47E679A8-BD6A-46E6-B4B1-BDE0E81B0446}.Release|Any CPU.ActiveCfg = Release|Any CPU
		{47E679A8-BD6A-46E6-B4B1-BDE0E81B0446}.Release|Any CPU.Build.0 = Release|Any CPU
		{7DB0C614-1EEA-402D-883B-D49741B2F2D7}.Debug|Any CPU.ActiveCfg = Debug|Any CPU
		{7DB0C614-1EEA-402D-883B-D49741B2F2D7}.Debug|Any CPU.Build.0 = Debug|Any CPU
		{7DB0C614-1EEA-402D-883B-D49741B2F2D7}.Release|Any CPU.ActiveCfg = Release|Any CPU
		{7DB0C614-1EEA-402D-883B-D49741B2F2D7}.Release|Any CPU.Build.0 = Release|Any CPU
		{03FC7829-022C-467F-892A-1624E1765B29}.Debug|Any CPU.ActiveCfg = Debug|Any CPU
		{03FC7829-022C-467F-892A-1624E1765B29}.Debug|Any CPU.Build.0 = Debug|Any CPU
		{03FC7829-022C-467F-892A-1624E1765B29}.Release|Any CPU.ActiveCfg = Release|Any CPU
		{03FC7829-022C-467F-892A-1624E1765B29}.Release|Any CPU.Build.0 = Release|Any CPU
		{4F291A94-DDCE-49CE-BA8B-B1F6BA70EA74}.Debug|Any CPU.ActiveCfg = Debug|Any CPU
		{4F291A94-DDCE-49CE-BA8B-B1F6BA70EA74}.Debug|Any CPU.Build.0 = Debug|Any CPU
		{4F291A94-DDCE-49CE-BA8B-B1F6BA70EA74}.Release|Any CPU.ActiveCfg = Release|Any CPU
		{4F291A94-DDCE-49CE-BA8B-B1F6BA70EA74}.Release|Any CPU.Build.0 = Release|Any CPU
	EndGlobalSection
	GlobalSection(SolutionProperties) = preSolution
		HideSolutionNode = FALSE
	EndGlobalSection
	GlobalSection(NestedProjects) = preSolution
		{5293E974-FF45-4FFF-9EF0-F4BDF31961D3} = {C31118CF-C48C-4512-ADB9-3806B8EF4A93}
		{9FCA45FA-CFB1-4143-A46E-6E9C8FCDC27F} = {B8798432-F01A-4A73-8509-3151BE0C8F58}
		{4DC6E217-F076-4805-B7A0-3A4DA369F587} = {358F3740-B1B4-4E41-93ED-26A28D8C7899}
		{47E679A8-BD6A-46E6-B4B1-BDE0E81B0446} = {358F3740-B1B4-4E41-93ED-26A28D8C7899}
		{7DB0C614-1EEA-402D-883B-D49741B2F2D7} = {358F3740-B1B4-4E41-93ED-26A28D8C7899}
		{03FC7829-022C-467F-892A-1624E1765B29} = {358F3740-B1B4-4E41-93ED-26A28D8C7899}
		{4F291A94-DDCE-49CE-BA8B-B1F6BA70EA74} = {358F3740-B1B4-4E41-93ED-26A28D8C7899}
	EndGlobalSection
	GlobalSection(ExtensibilityGlobals) = postSolution
		SolutionGuid = {BC95EF07-4827-4F68-BFBC-5E941B2CEA18}
	EndGlobalSection
EndGlobal
